
Microsoft Visual Studio Solution File, Format Version 12.00
# Visual Studio Express 2013 for Windows Desktop
VisualStudioVersion = 12.0.31101.0
MinimumVisualStudioVersion = 10.0.40219.1
Project("{FAE04EC0-301F-11D3-BF4B-00C04F79EFBC}") = "Phosphaze", "Phosphaze\Phosphaze.csproj", "{1461EEE5-3DAD-4C0B-9C8A-A24E34D8CFC8}"
	ProjectSection(ProjectDependencies) = postProject
		{61D76BF4-C5C3-4C12-AE14-F8F0C0BB8DEB} = {61D76BF4-C5C3-4C12-AE14-F8F0C0BB8DEB}
	EndProjectSection
EndProject
Project("{FAE04EC0-301F-11D3-BF4B-00C04F79EFBC}") = "Phosphaze.Framework", "Phosphaze.Framework\Phosphaze.Framework.csproj", "{61D76BF4-C5C3-4C12-AE14-F8F0C0BB8DEB}"
EndProject
Project("{FAE04EC0-301F-11D3-BF4B-00C04F79EFBC}") = "Phosphaze.MultiformTests", "Phosphaze.MultiformTests\Phosphaze.MultiformTests.csproj", "{FDB6A5E8-5E9D-46B8-96CB-909A9D771585}"
	ProjectSection(ProjectDependencies) = postProject
		{61D76BF4-C5C3-4C12-AE14-F8F0C0BB8DEB} = {61D76BF4-C5C3-4C12-AE14-F8F0C0BB8DEB}
	EndProjectSection
EndProject
Project("{FAE04EC0-301F-11D3-BF4B-00C04F79EFBC}") = "Phosphaze.UnitTests", "Phosphaze.UnitTests\Phosphaze.UnitTests.csproj", "{DA31483F-8901-4988-A058-A6C4C60F032F}"
EndProject
Project("{FAE04EC0-301F-11D3-BF4B-00C04F79EFBC}") = "NeonVM", "NeonVM\NeonVM.csproj", "{2B138494-B68A-491F-BB70-0F31910064F9}"
EndProject
Project("{FAE04EC0-301F-11D3-BF4B-00C04F79EFBC}") = "NeonVMTests", "NeonTests\NeonVMTests.csproj", "{27ADB670-6E22-4726-92BD-62779759247D}"
EndProject
Project("{FAE04EC0-301F-11D3-BF4B-00C04F79EFBC}") = "dumbshit", "dumbshit\dumbshit.csproj", "{AD7FB5B8-CD2F-4B02-8F51-00CB905C8F43}"
EndProject
Global
	GlobalSection(SolutionConfigurationPlatforms) = preSolution
		Debug|Any CPU = Debug|Any CPU
		Debug|Mixed Platforms = Debug|Mixed Platforms
		Debug|x86 = Debug|x86
		Release|Any CPU = Release|Any CPU
		Release|Mixed Platforms = Release|Mixed Platforms
		Release|x86 = Release|x86
	EndGlobalSection
	GlobalSection(ProjectConfigurationPlatforms) = postSolution
		{1461EEE5-3DAD-4C0B-9C8A-A24E34D8CFC8}.Debug|Any CPU.ActiveCfg = Debug|x86
		{1461EEE5-3DAD-4C0B-9C8A-A24E34D8CFC8}.Debug|Mixed Platforms.ActiveCfg = Debug|x86
		{1461EEE5-3DAD-4C0B-9C8A-A24E34D8CFC8}.Debug|Mixed Platforms.Build.0 = Debug|x86
		{1461EEE5-3DAD-4C0B-9C8A-A24E34D8CFC8}.Debug|x86.ActiveCfg = Debug|x86
		{1461EEE5-3DAD-4C0B-9C8A-A24E34D8CFC8}.Debug|x86.Build.0 = Debug|x86
		{1461EEE5-3DAD-4C0B-9C8A-A24E34D8CFC8}.Release|Any CPU.ActiveCfg = Release|x86
		{1461EEE5-3DAD-4C0B-9C8A-A24E34D8CFC8}.Release|Mixed Platforms.ActiveCfg = Release|x86
		{1461EEE5-3DAD-4C0B-9C8A-A24E34D8CFC8}.Release|Mixed Platforms.Build.0 = Release|x86
		{1461EEE5-3DAD-4C0B-9C8A-A24E34D8CFC8}.Release|x86.ActiveCfg = Release|x86
		{1461EEE5-3DAD-4C0B-9C8A-A24E34D8CFC8}.Release|x86.Build.0 = Release|x86
		{61D76BF4-C5C3-4C12-AE14-F8F0C0BB8DEB}.Debug|Any CPU.ActiveCfg = Debug|Any CPU
		{61D76BF4-C5C3-4C12-AE14-F8F0C0BB8DEB}.Debug|Any CPU.Build.0 = Debug|Any CPU
		{61D76BF4-C5C3-4C12-AE14-F8F0C0BB8DEB}.Debug|Mixed Platforms.ActiveCfg = Debug|Any CPU
		{61D76BF4-C5C3-4C12-AE14-F8F0C0BB8DEB}.Debug|Mixed Platforms.Build.0 = Debug|Any CPU
		{61D76BF4-C5C3-4C12-AE14-F8F0C0BB8DEB}.Debug|x86.ActiveCfg = Debug|Any CPU
		{61D76BF4-C5C3-4C12-AE14-F8F0C0BB8DEB}.Release|Any CPU.ActiveCfg = Release|Any CPU
		{61D76BF4-C5C3-4C12-AE14-F8F0C0BB8DEB}.Release|Any CPU.Build.0 = Release|Any CPU
		{61D76BF4-C5C3-4C12-AE14-F8F0C0BB8DEB}.Release|Mixed Platforms.ActiveCfg = Release|Any CPU
		{61D76BF4-C5C3-4C12-AE14-F8F0C0BB8DEB}.Release|Mixed Platforms.Build.0 = Release|Any CPU
		{61D76BF4-C5C3-4C12-AE14-F8F0C0BB8DEB}.Release|x86.ActiveCfg = Release|Any CPU
		{FDB6A5E8-5E9D-46B8-96CB-909A9D771585}.Debug|Any CPU.ActiveCfg = Debug|Any CPU
		{FDB6A5E8-5E9D-46B8-96CB-909A9D771585}.Debug|Any CPU.Build.0 = Debug|Any CPU
		{FDB6A5E8-5E9D-46B8-96CB-909A9D771585}.Debug|Mixed Platforms.ActiveCfg = Debug|Any CPU
		{FDB6A5E8-5E9D-46B8-96CB-909A9D771585}.Debug|Mixed Platforms.Build.0 = Debug|Any CPU
		{FDB6A5E8-5E9D-46B8-96CB-909A9D771585}.Debug|x86.ActiveCfg = Debug|Any CPU
		{FDB6A5E8-5E9D-46B8-96CB-909A9D771585}.Release|Any CPU.ActiveCfg = Release|Any CPU
		{FDB6A5E8-5E9D-46B8-96CB-909A9D771585}.Release|Any CPU.Build.0 = Release|Any CPU
		{FDB6A5E8-5E9D-46B8-96CB-909A9D771585}.Release|Mixed Platforms.ActiveCfg = Release|Any CPU
		{FDB6A5E8-5E9D-46B8-96CB-909A9D771585}.Release|Mixed Platforms.Build.0 = Release|Any CPU
		{FDB6A5E8-5E9D-46B8-96CB-909A9D771585}.Release|x86.ActiveCfg = Release|Any CPU
		{DA31483F-8901-4988-A058-A6C4C60F032F}.Debug|Any CPU.ActiveCfg = Debug|Any CPU
		{DA31483F-8901-4988-A058-A6C4C60F032F}.Debug|Any CPU.Build.0 = Debug|Any CPU
		{DA31483F-8901-4988-A058-A6C4C60F032F}.Debug|Mixed Platforms.ActiveCfg = Debug|Any CPU
		{DA31483F-8901-4988-A058-A6C4C60F032F}.Debug|Mixed Platforms.Build.0 = Debug|Any CPU
		{DA31483F-8901-4988-A058-A6C4C60F032F}.Debug|x86.ActiveCfg = Debug|Any CPU
		{DA31483F-8901-4988-A058-A6C4C60F032F}.Release|Any CPU.ActiveCfg = Release|Any CPU
		{DA31483F-8901-4988-A058-A6C4C60F032F}.Release|Any CPU.Build.0 = Release|Any CPU
		{DA31483F-8901-4988-A058-A6C4C60F032F}.Release|Mixed Platforms.ActiveCfg = Release|Any CPU
		{DA31483F-8901-4988-A058-A6C4C60F032F}.Release|Mixed Platforms.Build.0 = Release|Any CPU
		{DA31483F-8901-4988-A058-A6C4C60F032F}.Release|x86.ActiveCfg = Release|Any CPU
		{2B138494-B68A-491F-BB70-0F31910064F9}.Debug|Any CPU.ActiveCfg = Debug|Any CPU
		{2B138494-B68A-491F-BB70-0F31910064F9}.Debug|Any CPU.Build.0 = Debug|Any CPU
		{2B138494-B68A-491F-BB70-0F31910064F9}.Debug|Mixed Platforms.ActiveCfg = Debug|Any CPU
		{2B138494-B68A-491F-BB70-0F31910064F9}.Debug|Mixed Platforms.Build.0 = Debug|Any CPU
		{2B138494-B68A-491F-BB70-0F31910064F9}.Debug|x86.ActiveCfg = Debug|Any CPU
		{2B138494-B68A-491F-BB70-0F31910064F9}.Release|Any CPU.ActiveCfg = Release|Any CPU
		{2B138494-B68A-491F-BB70-0F31910064F9}.Release|Any CPU.Build.0 = Release|Any CPU
		{2B138494-B68A-491F-BB70-0F31910064F9}.Release|Mixed Platforms.ActiveCfg = Release|Any CPU
		{2B138494-B68A-491F-BB70-0F31910064F9}.Release|Mixed Platforms.Build.0 = Release|Any CPU
		{2B138494-B68A-491F-BB70-0F31910064F9}.Release|x86.ActiveCfg = Release|Any CPU
		{27ADB670-6E22-4726-92BD-62779759247D}.Debug|Any CPU.ActiveCfg = Debug|Any CPU
		{27ADB670-6E22-4726-92BD-62779759247D}.Debug|Any CPU.Build.0 = Debug|Any CPU
		{27ADB670-6E22-4726-92BD-62779759247D}.Debug|Mixed Platforms.ActiveCfg = Debug|Any CPU
		{27ADB670-6E22-4726-92BD-62779759247D}.Debug|Mixed Platforms.Build.0 = Debug|Any CPU
		{27ADB670-6E22-4726-92BD-62779759247D}.Debug|x86.ActiveCfg = Debug|Any CPU
		{27ADB670-6E22-4726-92BD-62779759247D}.Release|Any CPU.ActiveCfg = Release|Any CPU
		{27ADB670-6E22-4726-92BD-62779759247D}.Release|Any CPU.Build.0 = Release|Any CPU
		{27ADB670-6E22-4726-92BD-62779759247D}.Release|Mixed Platforms.ActiveCfg = Release|Any CPU
		{27ADB670-6E22-4726-92BD-62779759247D}.Release|Mixed Platforms.Build.0 = Release|Any CPU
		{27ADB670-6E22-4726-92BD-62779759247D}.Release|x86.ActiveCfg = Release|Any CPU
		{AD7FB5B8-CD2F-4B02-8F51-00CB905C8F43}.Debug|Any CPU.ActiveCfg = Debug|Any CPU
		{AD7FB5B8-CD2F-4B02-8F51-00CB905C8F43}.Debug|Any CPU.Build.0 = Debug|Any CPU
		{AD7FB5B8-CD2F-4B02-8F51-00CB905C8F43}.Debug|Mixed Platforms.ActiveCfg = Debug|Any CPU
		{AD7FB5B8-CD2F-4B02-8F51-00CB905C8F43}.Debug|Mixed Platforms.Build.0 = Debug|Any CPU
		{AD7FB5B8-CD2F-4B02-8F51-00CB905C8F43}.Debug|x86.ActiveCfg = Debug|Any CPU
		{AD7FB5B8-CD2F-4B02-8F51-00CB905C8F43}.Release|Any CPU.ActiveCfg = Release|Any CPU
		{AD7FB5B8-CD2F-4B02-8F51-00CB905C8F43}.Release|Any CPU.Build.0 = Release|Any CPU
		{AD7FB5B8-CD2F-4B02-8F51-00CB905C8F43}.Release|Mixed Platforms.ActiveCfg = Release|Any CPU
		{AD7FB5B8-CD2F-4B02-8F51-00CB905C8F43}.Release|Mixed Platforms.Build.0 = Release|Any CPU
		{AD7FB5B8-CD2F-4B02-8F51-00CB905C8F43}.Release|x86.ActiveCfg = Release|Any CPU
	EndGlobalSection
	GlobalSection(SolutionProperties) = preSolution
		HideSolutionNode = FALSE
	EndGlobalSection
EndGlobal
